
Microsoft Visual Studio Solution File, Format Version 12.00
# Visual Studio Version 17
VisualStudioVersion = 17.8.34408.163
MinimumVisualStudioVersion = 10.0.40219.1
Project("{9A19103F-16F7-4668-BE54-9A1E7A4F7556}") = "BlazorFoto", "BlazorFoto\BlazorFoto.csproj", "{1414041C-5C63-4695-8677-229833FF3BEA}"
EndProject
Project("{9A19103F-16F7-4668-BE54-9A1E7A4F7556}") = "BlazorFoto.Client", "BlazorFoto.Client\BlazorFoto.Client.csproj", "{1C6F11B3-1223-48C6-93A3-34E15F411CF2}"
EndProject
Global
	GlobalSection(SolutionConfigurationPlatforms) = preSolution
		Debug|Any CPU = Debug|Any CPU
		Release|Any CPU = Release|Any CPU
	EndGlobalSection
	GlobalSection(ProjectConfigurationPlatforms) = postSolution
		{1414041C-5C63-4695-8677-229833FF3BEA}.Debug|Any CPU.ActiveCfg = Debug|Any CPU
		{1414041C-5C63-4695-8677-229833FF3BEA}.Debug|Any CPU.Build.0 = Debug|Any CPU
		{1414041C-5C63-4695-8677-229833FF3BEA}.Release|Any CPU.ActiveCfg = Release|Any CPU
		{1414041C-5C63-4695-8677-229833FF3BEA}.Release|Any CPU.Build.0 = Release|Any CPU
		{1C6F11B3-1223-48C6-93A3-34E15F411CF2}.Debug|Any CPU.ActiveCfg = Debug|Any CPU
		{1C6F11B3-1223-48C6-93A3-34E15F411CF2}.Debug|Any CPU.Build.0 = Debug|Any CPU
		{1C6F11B3-1223-48C6-93A3-34E15F411CF2}.Release|Any CPU.ActiveCfg = Release|Any CPU
		{1C6F11B3-1223-48C6-93A3-34E15F411CF2}.Release|Any CPU.Build.0 = Release|Any CPU
	EndGlobalSection
	GlobalSection(SolutionProperties) = preSolution
		HideSolutionNode = FALSE
	EndGlobalSection
	GlobalSection(ExtensibilityGlobals) = postSolution
		SolutionGuid = {85F9B341-CC1B-4290-859E-4C8038CC0436}
	EndGlobalSection
EndGlobal
